
Microsoft Visual Studio Solution File, Format Version 12.00
# Visual Studio 2013
VisualStudioVersion = 12.0.21005.1
MinimumVisualStudioVersion = 10.0.40219.1
Project("{FAE04EC0-301F-11D3-BF4B-00C04F79EFBC}") = "BISEWEB", "BISEWEB\BISEWEB.csproj", "{4C40578E-0E36-4F1F-B92F-C94D614EBFF7}"
EndProject
Project("{FAE04EC0-301F-11D3-BF4B-00C04F79EFBC}") = "BLL", "BLL\BLL.csproj", "{C007F507-1ABB-488A-B9C7-4FF855889C39}"
EndProject
Project("{FAE04EC0-301F-11D3-BF4B-00C04F79EFBC}") = "BE", "BE\BE.csproj", "{DFBE47D5-F7A2-4DF5-8433-62768491F5EF}"
EndProject
Project("{FAE04EC0-301F-11D3-BF4B-00C04F79EFBC}") = "DAL", "DAL\DAL.csproj", "{6DDAD88D-A79A-44F6-99E6-A0616050FCE8}"
EndProject
Global
	GlobalSection(SolutionConfigurationPlatforms) = preSolution
		Debug|Any CPU = Debug|Any CPU
		Release|Any CPU = Release|Any CPU
	EndGlobalSection
	GlobalSection(ProjectConfigurationPlatforms) = postSolution
		{4C40578E-0E36-4F1F-B92F-C94D614EBFF7}.Debug|Any CPU.ActiveCfg = Debug|Any CPU
		{4C40578E-0E36-4F1F-B92F-C94D614EBFF7}.Debug|Any CPU.Build.0 = Debug|Any CPU
		{4C40578E-0E36-4F1F-B92F-C94D614EBFF7}.Release|Any CPU.ActiveCfg = Release|Any CPU
		{4C40578E-0E36-4F1F-B92F-C94D614EBFF7}.Release|Any CPU.Build.0 = Release|Any CPU
		{C007F507-1ABB-488A-B9C7-4FF855889C39}.Debug|Any CPU.ActiveCfg = Debug|Any CPU
		{C007F507-1ABB-488A-B9C7-4FF855889C39}.Debug|Any CPU.Build.0 = Debug|Any CPU
		{C007F507-1ABB-488A-B9C7-4FF855889C39}.Release|Any CPU.ActiveCfg = Release|Any CPU
		{C007F507-1ABB-488A-B9C7-4FF855889C39}.Release|Any CPU.Build.0 = Release|Any CPU
		{DFBE47D5-F7A2-4DF5-8433-62768491F5EF}.Debug|Any CPU.ActiveCfg = Debug|Any CPU
		{DFBE47D5-F7A2-4DF5-8433-62768491F5EF}.Debug|Any CPU.Build.0 = Debug|Any CPU
		{DFBE47D5-F7A2-4DF5-8433-62768491F5EF}.Release|Any CPU.ActiveCfg = Release|Any CPU
		{DFBE47D5-F7A2-4DF5-8433-62768491F5EF}.Release|Any CPU.Build.0 = Release|Any CPU
		{6DDAD88D-A79A-44F6-99E6-A0616050FCE8}.Debug|Any CPU.ActiveCfg = Debug|Any CPU
		{6DDAD88D-A79A-44F6-99E6-A0616050FCE8}.Debug|Any CPU.Build.0 = Debug|Any CPU
		{6DDAD88D-A79A-44F6-99E6-A0616050FCE8}.Release|Any CPU.ActiveCfg = Release|Any CPU
		{6DDAD88D-A79A-44F6-99E6-A0616050FCE8}.Release|Any CPU.Build.0 = Release|Any CPU
	EndGlobalSection
	GlobalSection(SolutionProperties) = preSolution
		HideSolutionNode = FALSE
	EndGlobalSection
EndGlobal
